
Microsoft Visual Studio Solution File, Format Version 12.00
# Visual Studio Version 17
VisualStudioVersion = 17.6.33712.159
MinimumVisualStudioVersion = 10.0.40219.1
Project("{FAE04EC0-301F-11D3-BF4B-00C04F79EFBC}") = "RemoteMusicServer", "RemoteMusicServer\RemoteMusicServer.csproj", "{32C37B9E-A53E-410C-AB8F-212973AA9AAA}"
EndProject
Global
	GlobalSection(SolutionConfigurationPlatforms) = preSolution
		Debug|Any CPU = Debug|Any CPU
		Release|Any CPU = Release|Any CPU
	EndGlobalSection
	GlobalSection(ProjectConfigurationPlatforms) = postSolution
		{32C37B9E-A53E-410C-AB8F-212973AA9AAA}.Debug|Any CPU.ActiveCfg = Debug|Any CPU
		{32C37B9E-A53E-410C-AB8F-212973AA9AAA}.Debug|Any CPU.Build.0 = Debug|Any CPU
		{32C37B9E-A53E-410C-AB8F-212973AA9AAA}.Release|Any CPU.ActiveCfg = Release|Any CPU
		{32C37B9E-A53E-410C-AB8F-212973AA9AAA}.Release|Any CPU.Build.0 = Release|Any CPU
	EndGlobalSection
	GlobalSection(SolutionProperties) = preSolution
		HideSolutionNode = FALSE
	EndGlobalSection
	GlobalSection(ExtensibilityGlobals) = postSolution
		SolutionGuid = {6884F628-B1BC-4162-8EE2-CEFD643659BC}
	EndGlobalSection
EndGlobal
